
Microsoft Visual Studio Solution File, Format Version 12.00
# Visual Studio Version 17
VisualStudioVersion = 17.0.32112.339
MinimumVisualStudioVersion = 10.0.40219.1
Project("{8BC9CEB8-8B4A-11D0-8D11-00A0C91BC942}") = "Pawn", "Pawn\Pawn.vcxproj", "{4D7F44E8-E4CF-4350-AF77-719095567184}"
EndProject
Global
	GlobalSection(SolutionConfigurationPlatforms) = preSolution
		Debug|x64 = Debug|x64
		Debug|x86 = Debug|x86
		Release|x64 = Release|x64
		Release|x86 = Release|x86
	EndGlobalSection
	GlobalSection(ProjectConfigurationPlatforms) = postSolution
		{4D7F44E8-E4CF-4350-AF77-719095567184}.Debug|x64.ActiveCfg = Debug|x64
		{4D7F44E8-E4CF-4350-AF77-719095567184}.Debug|x64.Build.0 = Debug|x64
		{4D7F44E8-E4CF-4350-AF77-719095567184}.Debug|x86.ActiveCfg = Debug|Win32
		{4D7F44E8-E4CF-4350-AF77-719095567184}.Debug|x86.Build.0 = Debug|Win32
		{4D7F44E8-E4CF-4350-AF77-719095567184}.Release|x64.ActiveCfg = Release|x64
		{4D7F44E8-E4CF-4350-AF77-719095567184}.Release|x64.Build.0 = Release|x64
		{4D7F44E8-E4CF-4350-AF77-719095567184}.Release|x86.ActiveCfg = Release|Win32
		{4D7F44E8-E4CF-4350-AF77-719095567184}.Release|x86.Build.0 = Release|Win32
	EndGlobalSection
	GlobalSection(SolutionProperties) = preSolution
		HideSolutionNode = FALSE
	EndGlobalSection
	GlobalSection(ExtensibilityGlobals) = postSolution
		SolutionGuid = {6BCDB50C-D29A-4604-B1EB-DF7A0D24BA64}
	EndGlobalSection
EndGlobal
